
Microsoft Visual Studio Solution File, Format Version 12.00
# Visual Studio Version 17
VisualStudioVersion = 17.10.35004.147
MinimumVisualStudioVersion = 10.0.40219.1
Project("{54A90642-561A-4BB1-A94E-469ADEE60C69}") = "data_viewer_frontend", "..\Data_viewer_frontend\data_viewer_frontend\data_viewer_frontend.esproj", "{2311F755-49B5-43BF-9371-27D034B376F3}"
	ProjectSection(ProjectDependencies) = postProject
		{8F4142DA-29E2-4EC6-87EA-F51D16FB2078} = {8F4142DA-29E2-4EC6-87EA-F51D16FB2078}
		{F0F6F317-0D6D-4D08-A8DA-5A29A08917A4} = {F0F6F317-0D6D-4D08-A8DA-5A29A08917A4}
	EndProjectSection
EndProject
Project("{9A19103F-16F7-4668-BE54-9A1E7A4F7556}") = "data_viewer_backend_cs", "..\Data_viewer_backend\Data_viewer_backend\data_viewer_backend_cs.csproj", "{F0F6F317-0D6D-4D08-A8DA-5A29A08917A4}"
EndProject
Project("{9092AA53-FB77-4645-B42D-1CCCA6BD08BD}") = "data_viewer_backend_node", "..\Data_viewer_backend_node\data_viewer_backend_node\data_viewer_backend_node.njsproj", "{8F4142DA-29E2-4EC6-87EA-F51D16FB2078}"
EndProject
Global
	GlobalSection(SolutionConfigurationPlatforms) = preSolution
		Debug|Any CPU = Debug|Any CPU
		Release|Any CPU = Release|Any CPU
	EndGlobalSection
	GlobalSection(ProjectConfigurationPlatforms) = postSolution
		{2311F755-49B5-43BF-9371-27D034B376F3}.Debug|Any CPU.ActiveCfg = Debug|Any CPU
		{2311F755-49B5-43BF-9371-27D034B376F3}.Debug|Any CPU.Build.0 = Debug|Any CPU
		{2311F755-49B5-43BF-9371-27D034B376F3}.Debug|Any CPU.Deploy.0 = Debug|Any CPU
		{2311F755-49B5-43BF-9371-27D034B376F3}.Release|Any CPU.ActiveCfg = Release|Any CPU
		{2311F755-49B5-43BF-9371-27D034B376F3}.Release|Any CPU.Build.0 = Release|Any CPU
		{2311F755-49B5-43BF-9371-27D034B376F3}.Release|Any CPU.Deploy.0 = Release|Any CPU
		{F0F6F317-0D6D-4D08-A8DA-5A29A08917A4}.Debug|Any CPU.ActiveCfg = Debug|Any CPU
		{F0F6F317-0D6D-4D08-A8DA-5A29A08917A4}.Debug|Any CPU.Build.0 = Debug|Any CPU
		{F0F6F317-0D6D-4D08-A8DA-5A29A08917A4}.Release|Any CPU.ActiveCfg = Release|Any CPU
		{F0F6F317-0D6D-4D08-A8DA-5A29A08917A4}.Release|Any CPU.Build.0 = Release|Any CPU
		{8F4142DA-29E2-4EC6-87EA-F51D16FB2078}.Debug|Any CPU.ActiveCfg = Debug|Any CPU
		{8F4142DA-29E2-4EC6-87EA-F51D16FB2078}.Debug|Any CPU.Build.0 = Debug|Any CPU
		{8F4142DA-29E2-4EC6-87EA-F51D16FB2078}.Release|Any CPU.ActiveCfg = Release|Any CPU
		{8F4142DA-29E2-4EC6-87EA-F51D16FB2078}.Release|Any CPU.Build.0 = Release|Any CPU
	EndGlobalSection
	GlobalSection(SolutionProperties) = preSolution
		HideSolutionNode = FALSE
	EndGlobalSection
	GlobalSection(ExtensibilityGlobals) = postSolution
		SolutionGuid = {F71C4F89-E22C-4A55-942B-009B99AB710D}
	EndGlobalSection
EndGlobal
